
Microsoft Visual Studio Solution File, Format Version 12.00
# Visual Studio Version 16
VisualStudioVersion = 16.0.31624.102
MinimumVisualStudioVersion = 10.0.40219.1
Project("{9A19103F-16F7-4668-BE54-9A1E7A4F7556}") = "AzureAssignment", "AzureAssignment\AzureAssignment.csproj", "{A9A54E54-46A3-4BDD-97AB-C0375E971222}"
EndProject
Project("{9A19103F-16F7-4668-BE54-9A1E7A4F7556}") = "Services", "Services\Services.csproj", "{7B6D4F09-CAB1-4D11-9AEE-3F83FDD8829E}"
EndProject
Global
	GlobalSection(SolutionConfigurationPlatforms) = preSolution
		Debug|Any CPU = Debug|Any CPU
		Release|Any CPU = Release|Any CPU
	EndGlobalSection
	GlobalSection(ProjectConfigurationPlatforms) = postSolution
		{A9A54E54-46A3-4BDD-97AB-C0375E971222}.Debug|Any CPU.ActiveCfg = Debug|Any CPU
		{A9A54E54-46A3-4BDD-97AB-C0375E971222}.Debug|Any CPU.Build.0 = Debug|Any CPU
		{A9A54E54-46A3-4BDD-97AB-C0375E971222}.Release|Any CPU.ActiveCfg = Release|Any CPU
		{A9A54E54-46A3-4BDD-97AB-C0375E971222}.Release|Any CPU.Build.0 = Release|Any CPU
		{7B6D4F09-CAB1-4D11-9AEE-3F83FDD8829E}.Debug|Any CPU.ActiveCfg = Debug|Any CPU
		{7B6D4F09-CAB1-4D11-9AEE-3F83FDD8829E}.Debug|Any CPU.Build.0 = Debug|Any CPU
		{7B6D4F09-CAB1-4D11-9AEE-3F83FDD8829E}.Release|Any CPU.ActiveCfg = Release|Any CPU
		{7B6D4F09-CAB1-4D11-9AEE-3F83FDD8829E}.Release|Any CPU.Build.0 = Release|Any CPU
	EndGlobalSection
	GlobalSection(SolutionProperties) = preSolution
		HideSolutionNode = FALSE
	EndGlobalSection
	GlobalSection(ExtensibilityGlobals) = postSolution
		SolutionGuid = {4595C616-5CC4-4471-8BD1-545BB9078BAF}
	EndGlobalSection
EndGlobal
